
Microsoft Visual Studio Solution File, Format Version 12.00
# Visual Studio 14
VisualStudioVersion = 14.0.24720.0
MinimumVisualStudioVersion = 10.0.40219.1
Project("{FAE04EC0-301F-11D3-BF4B-00C04F79EFBC}") = "Topz.FileFormats", "Topz.FileFormats\Topz.FileFormats.csproj", "{60231FA6-15C6-4FA3-9DCE-A4BE20D7C36A}"
EndProject
Project("{FAE04EC0-301F-11D3-BF4B-00C04F79EFBC}") = "Topz.FileFormats.Tests", "Topz.FileFormats.Tests\Topz.FileFormats.Tests.csproj", "{6C3C1275-7EEA-478F-8535-225B404AEEDA}"
EndProject
Project("{FAE04EC0-301F-11D3-BF4B-00C04F79EFBC}") = "Topz.FileSystems", "Topz.FileSystems\Topz.FileSystems.csproj", "{E08E9DB2-CF5E-441D-AAA3-9EF2A67093EB}"
EndProject
Project("{FAE04EC0-301F-11D3-BF4B-00C04F79EFBC}") = "Topz.FileSystems.Tests", "Topz.FileSystems.Tests\Topz.FileSystems.Tests.csproj", "{6F4EF3AF-F502-4BA5-87F0-29F3F5815397}"
EndProject
Project("{FAE04EC0-301F-11D3-BF4B-00C04F79EFBC}") = "Linker", "Linker\Linker.csproj", "{36D3E38A-265B-431D-94AD-94C04DBEF269}"
EndProject
Project("{FAE04EC0-301F-11D3-BF4B-00C04F79EFBC}") = "Disk", "Disk\Disk.csproj", "{0D7B7B90-D603-4661-9858-8B7F9F0E2120}"
EndProject
Project("{FAE04EC0-301F-11D3-BF4B-00C04F79EFBC}") = "Topz.ArmV6Z", "Topz.ArmV6Z\Topz.ArmV6Z.csproj", "{0CA1B2EA-DFA5-4395-99CB-3C1C5CA2D433}"
EndProject
Project("{FAE04EC0-301F-11D3-BF4B-00C04F79EFBC}") = "Topz.ArmV6Z.Tests", "Topz.ArmV6Z.Tests\Topz.ArmV6Z.Tests.csproj", "{BF3B0818-8B0F-4F25-98DF-3EBE6EB745C1}"
EndProject
Project("{FAE04EC0-301F-11D3-BF4B-00C04F79EFBC}") = "Topz", "Topz\Topz.csproj", "{B641D7C5-EEA8-4E77-9A9D-64A0DF475159}"
EndProject
Global
	GlobalSection(SolutionConfigurationPlatforms) = preSolution
		Debug|Any CPU = Debug|Any CPU
		Release|Any CPU = Release|Any CPU
	EndGlobalSection
	GlobalSection(ProjectConfigurationPlatforms) = postSolution
		{60231FA6-15C6-4FA3-9DCE-A4BE20D7C36A}.Debug|Any CPU.ActiveCfg = Debug|Any CPU
		{60231FA6-15C6-4FA3-9DCE-A4BE20D7C36A}.Debug|Any CPU.Build.0 = Debug|Any CPU
		{60231FA6-15C6-4FA3-9DCE-A4BE20D7C36A}.Release|Any CPU.ActiveCfg = Release|Any CPU
		{60231FA6-15C6-4FA3-9DCE-A4BE20D7C36A}.Release|Any CPU.Build.0 = Release|Any CPU
		{6C3C1275-7EEA-478F-8535-225B404AEEDA}.Debug|Any CPU.ActiveCfg = Debug|Any CPU
		{6C3C1275-7EEA-478F-8535-225B404AEEDA}.Debug|Any CPU.Build.0 = Debug|Any CPU
		{6C3C1275-7EEA-478F-8535-225B404AEEDA}.Release|Any CPU.ActiveCfg = Release|Any CPU
		{6C3C1275-7EEA-478F-8535-225B404AEEDA}.Release|Any CPU.Build.0 = Release|Any CPU
		{E08E9DB2-CF5E-441D-AAA3-9EF2A67093EB}.Debug|Any CPU.ActiveCfg = Debug|Any CPU
		{E08E9DB2-CF5E-441D-AAA3-9EF2A67093EB}.Debug|Any CPU.Build.0 = Debug|Any CPU
		{E08E9DB2-CF5E-441D-AAA3-9EF2A67093EB}.Release|Any CPU.ActiveCfg = Release|Any CPU
		{E08E9DB2-CF5E-441D-AAA3-9EF2A67093EB}.Release|Any CPU.Build.0 = Release|Any CPU
		{6F4EF3AF-F502-4BA5-87F0-29F3F5815397}.Debug|Any CPU.ActiveCfg = Debug|Any CPU
		{6F4EF3AF-F502-4BA5-87F0-29F3F5815397}.Debug|Any CPU.Build.0 = Debug|Any CPU
		{6F4EF3AF-F502-4BA5-87F0-29F3F5815397}.Release|Any CPU.ActiveCfg = Release|Any CPU
		{6F4EF3AF-F502-4BA5-87F0-29F3F5815397}.Release|Any CPU.Build.0 = Release|Any CPU
		{36D3E38A-265B-431D-94AD-94C04DBEF269}.Debug|Any CPU.ActiveCfg = Debug|Any CPU
		{36D3E38A-265B-431D-94AD-94C04DBEF269}.Debug|Any CPU.Build.0 = Debug|Any CPU
		{36D3E38A-265B-431D-94AD-94C04DBEF269}.Release|Any CPU.ActiveCfg = Release|Any CPU
		{36D3E38A-265B-431D-94AD-94C04DBEF269}.Release|Any CPU.Build.0 = Release|Any CPU
		{0D7B7B90-D603-4661-9858-8B7F9F0E2120}.Debug|Any CPU.ActiveCfg = Debug|Any CPU
		{0D7B7B90-D603-4661-9858-8B7F9F0E2120}.Debug|Any CPU.Build.0 = Debug|Any CPU
		{0D7B7B90-D603-4661-9858-8B7F9F0E2120}.Release|Any CPU.ActiveCfg = Release|Any CPU
		{0D7B7B90-D603-4661-9858-8B7F9F0E2120}.Release|Any CPU.Build.0 = Release|Any CPU
		{0CA1B2EA-DFA5-4395-99CB-3C1C5CA2D433}.Debug|Any CPU.ActiveCfg = Debug|Any CPU
		{0CA1B2EA-DFA5-4395-99CB-3C1C5CA2D433}.Debug|Any CPU.Build.0 = Debug|Any CPU
		{0CA1B2EA-DFA5-4395-99CB-3C1C5CA2D433}.Release|Any CPU.ActiveCfg = Release|Any CPU
		{0CA1B2EA-DFA5-4395-99CB-3C1C5CA2D433}.Release|Any CPU.Build.0 = Release|Any CPU
		{BF3B0818-8B0F-4F25-98DF-3EBE6EB745C1}.Debug|Any CPU.ActiveCfg = Debug|Any CPU
		{BF3B0818-8B0F-4F25-98DF-3EBE6EB745C1}.Debug|Any CPU.Build.0 = Debug|Any CPU
		{BF3B0818-8B0F-4F25-98DF-3EBE6EB745C1}.Release|Any CPU.ActiveCfg = Release|Any CPU
		{BF3B0818-8B0F-4F25-98DF-3EBE6EB745C1}.Release|Any CPU.Build.0 = Release|Any CPU
		{B641D7C5-EEA8-4E77-9A9D-64A0DF475159}.Debug|Any CPU.ActiveCfg = Debug|Any CPU
		{B641D7C5-EEA8-4E77-9A9D-64A0DF475159}.Debug|Any CPU.Build.0 = Debug|Any CPU
		{B641D7C5-EEA8-4E77-9A9D-64A0DF475159}.Release|Any CPU.ActiveCfg = Release|Any CPU
		{B641D7C5-EEA8-4E77-9A9D-64A0DF475159}.Release|Any CPU.Build.0 = Release|Any CPU
	EndGlobalSection
	GlobalSection(SolutionProperties) = preSolution
		HideSolutionNode = FALSE
	EndGlobalSection
EndGlobal
